
Microsoft Visual Studio Solution File, Format Version 12.00
# Visual Studio Version 17
VisualStudioVersion = 17.13.35828.75 d17.13
MinimumVisualStudioVersion = 10.0.40219.1
Project("{FAE04EC0-301F-11D3-BF4B-00C04F79EFBC}") = "Web", "Web\Web.csproj", "{64348BD2-0FCB-4586-9E24-F7AFFC6F4C20}"
	ProjectSection(ProjectDependencies) = postProject
		{9D556ECD-06F0-4230-8535-16AAECAA170B} = {9D556ECD-06F0-4230-8535-16AAECAA170B}
		{F2132A4D-E2CA-4532-B716-3F1596FBAB2C} = {F2132A4D-E2CA-4532-B716-3F1596FBAB2C}
	EndProjectSection
EndProject
Project("{FAE04EC0-301F-11D3-BF4B-00C04F79EFBC}") = "Core", "Core\Core.csproj", "{F2132A4D-E2CA-4532-B716-3F1596FBAB2C}"
EndProject
Project("{FAE04EC0-301F-11D3-BF4B-00C04F79EFBC}") = "DataLayer", "DataLayer\DataLayer.csproj", "{9D556ECD-06F0-4230-8535-16AAECAA170B}"
EndProject
Project("{FAE04EC0-301F-11D3-BF4B-00C04F79EFBC}") = "Service", "Service\Service.csproj", "{6DC948FB-89E8-4211-B156-3A26C1553FA0}"
EndProject
Global
	GlobalSection(SolutionConfigurationPlatforms) = preSolution
		Debug|Any CPU = Debug|Any CPU
		Release|Any CPU = Release|Any CPU
	EndGlobalSection
	GlobalSection(ProjectConfigurationPlatforms) = postSolution
		{64348BD2-0FCB-4586-9E24-F7AFFC6F4C20}.Debug|Any CPU.ActiveCfg = Debug|Any CPU
		{64348BD2-0FCB-4586-9E24-F7AFFC6F4C20}.Debug|Any CPU.Build.0 = Debug|Any CPU
		{64348BD2-0FCB-4586-9E24-F7AFFC6F4C20}.Release|Any CPU.ActiveCfg = Release|Any CPU
		{64348BD2-0FCB-4586-9E24-F7AFFC6F4C20}.Release|Any CPU.Build.0 = Release|Any CPU
		{F2132A4D-E2CA-4532-B716-3F1596FBAB2C}.Debug|Any CPU.ActiveCfg = Debug|Any CPU
		{F2132A4D-E2CA-4532-B716-3F1596FBAB2C}.Debug|Any CPU.Build.0 = Debug|Any CPU
		{F2132A4D-E2CA-4532-B716-3F1596FBAB2C}.Release|Any CPU.ActiveCfg = Release|Any CPU
		{F2132A4D-E2CA-4532-B716-3F1596FBAB2C}.Release|Any CPU.Build.0 = Release|Any CPU
		{9D556ECD-06F0-4230-8535-16AAECAA170B}.Debug|Any CPU.ActiveCfg = Debug|Any CPU
		{9D556ECD-06F0-4230-8535-16AAECAA170B}.Debug|Any CPU.Build.0 = Debug|Any CPU
		{9D556ECD-06F0-4230-8535-16AAECAA170B}.Release|Any CPU.ActiveCfg = Release|Any CPU
		{9D556ECD-06F0-4230-8535-16AAECAA170B}.Release|Any CPU.Build.0 = Release|Any CPU
		{6DC948FB-89E8-4211-B156-3A26C1553FA0}.Debug|Any CPU.ActiveCfg = Debug|Any CPU
		{6DC948FB-89E8-4211-B156-3A26C1553FA0}.Debug|Any CPU.Build.0 = Debug|Any CPU
		{6DC948FB-89E8-4211-B156-3A26C1553FA0}.Release|Any CPU.ActiveCfg = Release|Any CPU
		{6DC948FB-89E8-4211-B156-3A26C1553FA0}.Release|Any CPU.Build.0 = Release|Any CPU
	EndGlobalSection
	GlobalSection(SolutionProperties) = preSolution
		HideSolutionNode = FALSE
	EndGlobalSection
	GlobalSection(ExtensibilityGlobals) = postSolution
		SolutionGuid = {0C6CD3DD-6B2F-4D37-B916-219754CA58DB}
	EndGlobalSection
EndGlobal
